
Microsoft Visual Studio Solution File, Format Version 12.00
# Visual Studio Version 17
VisualStudioVersion = 17.12.35527.113
MinimumVisualStudioVersion = 10.0.40219.1
Project("{2150E333-8FDC-42A3-9474-1A3956D46DE8}") = "01_Creational", "01_Creational", "{42EAB35A-2318-4FFA-B04D-2B187B9A532B}"
EndProject
Project("{2150E333-8FDC-42A3-9474-1A3956D46DE8}") = "02_Structural", "02_Structural", "{4C9C55D5-90E1-47F9-8DF1-CF9A9CC3E608}"
EndProject
Project("{2150E333-8FDC-42A3-9474-1A3956D46DE8}") = "03_Behavioral", "03_Behavioral", "{7129B15E-03D3-463F-9849-A4013DBD7944}"
EndProject
Project("{FAE04EC0-301F-11D3-BF4B-00C04F79EFBC}") = "DesignPattern.Abstract.Factory", "Creational\DesignPattern.Abstract.Factory\DesignPattern.Abstract.Factory.csproj", "{2A5D8F3C-D88A-4C62-B2BC-415EF7441546}"
EndProject
Project("{FAE04EC0-301F-11D3-BF4B-00C04F79EFBC}") = "DesignPattern.Builder", "Creational\DesignPattern.Builder\DesignPattern.Builder.csproj", "{7A5332AE-F0F4-4BEA-916F-25525899390A}"
EndProject
Project("{FAE04EC0-301F-11D3-BF4B-00C04F79EFBC}") = "DesignPattern.Prototype", "Creational\DesignPattern.Prototype\DesignPattern.Prototype.csproj", "{7E06E202-4271-41BE-90E7-985872EECBE3}"
EndProject
Project("{FAE04EC0-301F-11D3-BF4B-00C04F79EFBC}") = "DesignPattern.Singleton", "Creational\DesignPattern.Singleton\DesignPattern.Singleton.csproj", "{95F4E5CA-974C-4701-AB85-833A685BEF21}"
EndProject
Project("{FAE04EC0-301F-11D3-BF4B-00C04F79EFBC}") = "DesignPattern.Factory.Method", "Creational\DesignPattern.Factory.Method\DesignPattern.Factory.Method.csproj", "{19C1CE7F-36F3-4CA7-8EFA-C5BB734EAFFB}"
EndProject
Project("{FAE04EC0-301F-11D3-BF4B-00C04F79EFBC}") = "DesignPattern.Adapter", "Structural\DesignPattern.Adapter\DesignPattern.Adapter.csproj", "{0AECAC72-6411-4600-947B-BE879453D06A}"
EndProject
Project("{FAE04EC0-301F-11D3-BF4B-00C04F79EFBC}") = "DesignPattern.Bridge", "Structural\DesignPattern.Bridge\DesignPattern.Bridge.csproj", "{DFA7FD35-413D-4817-AA0F-879F24DAFCED}"
EndProject
Project("{FAE04EC0-301F-11D3-BF4B-00C04F79EFBC}") = "DesignPattern.Composite", "Structural\DesignPattern.Composite\DesignPattern.Composite.csproj", "{CE7FEA1B-22B4-4802-9D37-5941BB96B571}"
EndProject
Project("{FAE04EC0-301F-11D3-BF4B-00C04F79EFBC}") = "DesignPattern.Decorator", "Structural\DesignPattern.Decorator\DesignPattern.Decorator.csproj", "{F43F9F4E-DFC5-44D8-B55D-55A7E1868338}"
EndProject
Project("{FAE04EC0-301F-11D3-BF4B-00C04F79EFBC}") = "DesignPattern.Facade", "Structural\DesignPattern.Facade\DesignPattern.Facade.csproj", "{C9AC224A-3496-4F32-AD03-ADA0D8C16F28}"
EndProject
Project("{FAE04EC0-301F-11D3-BF4B-00C04F79EFBC}") = "DesignPattern.Flyweight", "Structural\DesignPattern.Flyweight\DesignPattern.Flyweight.csproj", "{7600A347-0052-4260-A0D3-171ACB1C3A5B}"
EndProject
Project("{FAE04EC0-301F-11D3-BF4B-00C04F79EFBC}") = "DesignPattern.Proxy", "Structural\DesignPattern.Proxy\DesignPattern.Proxy.csproj", "{13E14D4C-FDB2-4E50-9E1A-9D7C58C5749A}"
EndProject
Project("{FAE04EC0-301F-11D3-BF4B-00C04F79EFBC}") = "DesignPattern.Command", "Behavioral\DesignPattern.Command\DesignPattern.Command.csproj", "{2D4DAEDF-02DD-490B-B53C-7858E4850836}"
EndProject
Project("{FAE04EC0-301F-11D3-BF4B-00C04F79EFBC}") = "DesignPattern.Iterator", "Behavioral\DesignPattern.Iterator\DesignPattern.Iterator.csproj", "{AA21046B-C396-48D5-A2BA-78F34F59981C}"
EndProject
Project("{FAE04EC0-301F-11D3-BF4B-00C04F79EFBC}") = "DesignPattern.Mediator", "Behavioral\DesignPattern.Mediator\DesignPattern.Mediator.csproj", "{9AC4A9B9-7A05-436D-9051-9BE00867F1A2}"
EndProject
Project("{FAE04EC0-301F-11D3-BF4B-00C04F79EFBC}") = "DesignPattern.Memento", "Behavioral\DesignPattern.Memento\DesignPattern.Memento.csproj", "{FFFAF340-BDCF-4AC1-8AEE-CA9C3041FBC1}"
EndProject
Project("{FAE04EC0-301F-11D3-BF4B-00C04F79EFBC}") = "DesignPattern.Observer", "Behavioral\DesignPattern.Observer\DesignPattern.Observer.csproj", "{AA676AD7-E5C4-45A3-8C39-BBDF59067B08}"
EndProject
Project("{FAE04EC0-301F-11D3-BF4B-00C04F79EFBC}") = "DesignPattern.State", "Behavioral\DesignPattern.State\DesignPattern.State.csproj", "{408DBD15-2197-4CAD-BF62-27B7F07FB838}"
EndProject
Project("{FAE04EC0-301F-11D3-BF4B-00C04F79EFBC}") = "DesignPattern.Strategy", "Behavioral\DesignPattern.Strategy\DesignPattern.Strategy.csproj", "{16A08B2B-7380-4CAC-AFBA-42BEFE42A480}"
EndProject
Project("{FAE04EC0-301F-11D3-BF4B-00C04F79EFBC}") = "DesignPattern.Template.Method", "Behavioral\DesignPattern.Template.Method\DesignPattern.Template.Method.csproj", "{9C92DD8E-1653-499E-9806-F39AC61D209B}"
EndProject
Project("{FAE04EC0-301F-11D3-BF4B-00C04F79EFBC}") = "DesignPattern.Template.Visitor", "Behavioral\DesignPattern.Visitor\DesignPattern.Template.Visitor.csproj", "{022E30FA-A830-42B7-904C-CA9DC7846196}"
EndProject
Global
	GlobalSection(SolutionConfigurationPlatforms) = preSolution
		Debug|Any CPU = Debug|Any CPU
		Release|Any CPU = Release|Any CPU
	EndGlobalSection
	GlobalSection(ProjectConfigurationPlatforms) = postSolution
		{2A5D8F3C-D88A-4C62-B2BC-415EF7441546}.Debug|Any CPU.ActiveCfg = Debug|Any CPU
		{2A5D8F3C-D88A-4C62-B2BC-415EF7441546}.Debug|Any CPU.Build.0 = Debug|Any CPU
		{2A5D8F3C-D88A-4C62-B2BC-415EF7441546}.Release|Any CPU.ActiveCfg = Release|Any CPU
		{2A5D8F3C-D88A-4C62-B2BC-415EF7441546}.Release|Any CPU.Build.0 = Release|Any CPU
		{7A5332AE-F0F4-4BEA-916F-25525899390A}.Debug|Any CPU.ActiveCfg = Debug|Any CPU
		{7A5332AE-F0F4-4BEA-916F-25525899390A}.Debug|Any CPU.Build.0 = Debug|Any CPU
		{7A5332AE-F0F4-4BEA-916F-25525899390A}.Release|Any CPU.ActiveCfg = Release|Any CPU
		{7A5332AE-F0F4-4BEA-916F-25525899390A}.Release|Any CPU.Build.0 = Release|Any CPU
		{7E06E202-4271-41BE-90E7-985872EECBE3}.Debug|Any CPU.ActiveCfg = Debug|Any CPU
		{7E06E202-4271-41BE-90E7-985872EECBE3}.Debug|Any CPU.Build.0 = Debug|Any CPU
		{7E06E202-4271-41BE-90E7-985872EECBE3}.Release|Any CPU.ActiveCfg = Release|Any CPU
		{7E06E202-4271-41BE-90E7-985872EECBE3}.Release|Any CPU.Build.0 = Release|Any CPU
		{95F4E5CA-974C-4701-AB85-833A685BEF21}.Debug|Any CPU.ActiveCfg = Debug|Any CPU
		{95F4E5CA-974C-4701-AB85-833A685BEF21}.Debug|Any CPU.Build.0 = Debug|Any CPU
		{95F4E5CA-974C-4701-AB85-833A685BEF21}.Release|Any CPU.ActiveCfg = Release|Any CPU
		{95F4E5CA-974C-4701-AB85-833A685BEF21}.Release|Any CPU.Build.0 = Release|Any CPU
		{19C1CE7F-36F3-4CA7-8EFA-C5BB734EAFFB}.Debug|Any CPU.ActiveCfg = Debug|Any CPU
		{19C1CE7F-36F3-4CA7-8EFA-C5BB734EAFFB}.Debug|Any CPU.Build.0 = Debug|Any CPU
		{19C1CE7F-36F3-4CA7-8EFA-C5BB734EAFFB}.Release|Any CPU.ActiveCfg = Release|Any CPU
		{19C1CE7F-36F3-4CA7-8EFA-C5BB734EAFFB}.Release|Any CPU.Build.0 = Release|Any CPU
		{0AECAC72-6411-4600-947B-BE879453D06A}.Debug|Any CPU.ActiveCfg = Debug|Any CPU
		{0AECAC72-6411-4600-947B-BE879453D06A}.Debug|Any CPU.Build.0 = Debug|Any CPU
		{0AECAC72-6411-4600-947B-BE879453D06A}.Release|Any CPU.ActiveCfg = Release|Any CPU
		{0AECAC72-6411-4600-947B-BE879453D06A}.Release|Any CPU.Build.0 = Release|Any CPU
		{DFA7FD35-413D-4817-AA0F-879F24DAFCED}.Debug|Any CPU.ActiveCfg = Debug|Any CPU
		{DFA7FD35-413D-4817-AA0F-879F24DAFCED}.Debug|Any CPU.Build.0 = Debug|Any CPU
		{DFA7FD35-413D-4817-AA0F-879F24DAFCED}.Release|Any CPU.ActiveCfg = Release|Any CPU
		{DFA7FD35-413D-4817-AA0F-879F24DAFCED}.Release|Any CPU.Build.0 = Release|Any CPU
		{CE7FEA1B-22B4-4802-9D37-5941BB96B571}.Debug|Any CPU.ActiveCfg = Debug|Any CPU
		{CE7FEA1B-22B4-4802-9D37-5941BB96B571}.Debug|Any CPU.Build.0 = Debug|Any CPU
		{CE7FEA1B-22B4-4802-9D37-5941BB96B571}.Release|Any CPU.ActiveCfg = Release|Any CPU
		{CE7FEA1B-22B4-4802-9D37-5941BB96B571}.Release|Any CPU.Build.0 = Release|Any CPU
		{F43F9F4E-DFC5-44D8-B55D-55A7E1868338}.Debug|Any CPU.ActiveCfg = Debug|Any CPU
		{F43F9F4E-DFC5-44D8-B55D-55A7E1868338}.Debug|Any CPU.Build.0 = Debug|Any CPU
		{F43F9F4E-DFC5-44D8-B55D-55A7E1868338}.Release|Any CPU.ActiveCfg = Release|Any CPU
		{F43F9F4E-DFC5-44D8-B55D-55A7E1868338}.Release|Any CPU.Build.0 = Release|Any CPU
		{C9AC224A-3496-4F32-AD03-ADA0D8C16F28}.Debug|Any CPU.ActiveCfg = Debug|Any CPU
		{C9AC224A-3496-4F32-AD03-ADA0D8C16F28}.Debug|Any CPU.Build.0 = Debug|Any CPU
		{C9AC224A-3496-4F32-AD03-ADA0D8C16F28}.Release|Any CPU.ActiveCfg = Release|Any CPU
		{C9AC224A-3496-4F32-AD03-ADA0D8C16F28}.Release|Any CPU.Build.0 = Release|Any CPU
		{7600A347-0052-4260-A0D3-171ACB1C3A5B}.Debug|Any CPU.ActiveCfg = Debug|Any CPU
		{7600A347-0052-4260-A0D3-171ACB1C3A5B}.Debug|Any CPU.Build.0 = Debug|Any CPU
		{7600A347-0052-4260-A0D3-171ACB1C3A5B}.Release|Any CPU.ActiveCfg = Release|Any CPU
		{7600A347-0052-4260-A0D3-171ACB1C3A5B}.Release|Any CPU.Build.0 = Release|Any CPU
		{13E14D4C-FDB2-4E50-9E1A-9D7C58C5749A}.Debug|Any CPU.ActiveCfg = Debug|Any CPU
		{13E14D4C-FDB2-4E50-9E1A-9D7C58C5749A}.Debug|Any CPU.Build.0 = Debug|Any CPU
		{13E14D4C-FDB2-4E50-9E1A-9D7C58C5749A}.Release|Any CPU.ActiveCfg = Release|Any CPU
		{13E14D4C-FDB2-4E50-9E1A-9D7C58C5749A}.Release|Any CPU.Build.0 = Release|Any CPU
		{2D4DAEDF-02DD-490B-B53C-7858E4850836}.Debug|Any CPU.ActiveCfg = Debug|Any CPU
		{2D4DAEDF-02DD-490B-B53C-7858E4850836}.Debug|Any CPU.Build.0 = Debug|Any CPU
		{2D4DAEDF-02DD-490B-B53C-7858E4850836}.Release|Any CPU.ActiveCfg = Release|Any CPU
		{2D4DAEDF-02DD-490B-B53C-7858E4850836}.Release|Any CPU.Build.0 = Release|Any CPU
		{AA21046B-C396-48D5-A2BA-78F34F59981C}.Debug|Any CPU.ActiveCfg = Debug|Any CPU
		{AA21046B-C396-48D5-A2BA-78F34F59981C}.Debug|Any CPU.Build.0 = Debug|Any CPU
		{AA21046B-C396-48D5-A2BA-78F34F59981C}.Release|Any CPU.ActiveCfg = Release|Any CPU
		{AA21046B-C396-48D5-A2BA-78F34F59981C}.Release|Any CPU.Build.0 = Release|Any CPU
		{9AC4A9B9-7A05-436D-9051-9BE00867F1A2}.Debug|Any CPU.ActiveCfg = Debug|Any CPU
		{9AC4A9B9-7A05-436D-9051-9BE00867F1A2}.Debug|Any CPU.Build.0 = Debug|Any CPU
		{9AC4A9B9-7A05-436D-9051-9BE00867F1A2}.Release|Any CPU.ActiveCfg = Release|Any CPU
		{9AC4A9B9-7A05-436D-9051-9BE00867F1A2}.Release|Any CPU.Build.0 = Release|Any CPU
		{FFFAF340-BDCF-4AC1-8AEE-CA9C3041FBC1}.Debug|Any CPU.ActiveCfg = Debug|Any CPU
		{FFFAF340-BDCF-4AC1-8AEE-CA9C3041FBC1}.Debug|Any CPU.Build.0 = Debug|Any CPU
		{FFFAF340-BDCF-4AC1-8AEE-CA9C3041FBC1}.Release|Any CPU.ActiveCfg = Release|Any CPU
		{FFFAF340-BDCF-4AC1-8AEE-CA9C3041FBC1}.Release|Any CPU.Build.0 = Release|Any CPU
		{AA676AD7-E5C4-45A3-8C39-BBDF59067B08}.Debug|Any CPU.ActiveCfg = Debug|Any CPU
		{AA676AD7-E5C4-45A3-8C39-BBDF59067B08}.Debug|Any CPU.Build.0 = Debug|Any CPU
		{AA676AD7-E5C4-45A3-8C39-BBDF59067B08}.Release|Any CPU.ActiveCfg = Release|Any CPU
		{AA676AD7-E5C4-45A3-8C39-BBDF59067B08}.Release|Any CPU.Build.0 = Release|Any CPU
		{408DBD15-2197-4CAD-BF62-27B7F07FB838}.Debug|Any CPU.ActiveCfg = Debug|Any CPU
		{408DBD15-2197-4CAD-BF62-27B7F07FB838}.Debug|Any CPU.Build.0 = Debug|Any CPU
		{408DBD15-2197-4CAD-BF62-27B7F07FB838}.Release|Any CPU.ActiveCfg = Release|Any CPU
		{408DBD15-2197-4CAD-BF62-27B7F07FB838}.Release|Any CPU.Build.0 = Release|Any CPU
		{16A08B2B-7380-4CAC-AFBA-42BEFE42A480}.Debug|Any CPU.ActiveCfg = Debug|Any CPU
		{16A08B2B-7380-4CAC-AFBA-42BEFE42A480}.Debug|Any CPU.Build.0 = Debug|Any CPU
		{16A08B2B-7380-4CAC-AFBA-42BEFE42A480}.Release|Any CPU.ActiveCfg = Release|Any CPU
		{16A08B2B-7380-4CAC-AFBA-42BEFE42A480}.Release|Any CPU.Build.0 = Release|Any CPU
		{9C92DD8E-1653-499E-9806-F39AC61D209B}.Debug|Any CPU.ActiveCfg = Debug|Any CPU
		{9C92DD8E-1653-499E-9806-F39AC61D209B}.Debug|Any CPU.Build.0 = Debug|Any CPU
		{9C92DD8E-1653-499E-9806-F39AC61D209B}.Release|Any CPU.ActiveCfg = Release|Any CPU
		{9C92DD8E-1653-499E-9806-F39AC61D209B}.Release|Any CPU.Build.0 = Release|Any CPU
		{022E30FA-A830-42B7-904C-CA9DC7846196}.Debug|Any CPU.ActiveCfg = Debug|Any CPU
		{022E30FA-A830-42B7-904C-CA9DC7846196}.Debug|Any CPU.Build.0 = Debug|Any CPU
		{022E30FA-A830-42B7-904C-CA9DC7846196}.Release|Any CPU.ActiveCfg = Release|Any CPU
		{022E30FA-A830-42B7-904C-CA9DC7846196}.Release|Any CPU.Build.0 = Release|Any CPU
	EndGlobalSection
	GlobalSection(SolutionProperties) = preSolution
		HideSolutionNode = FALSE
	EndGlobalSection
	GlobalSection(NestedProjects) = preSolution
		{2A5D8F3C-D88A-4C62-B2BC-415EF7441546} = {42EAB35A-2318-4FFA-B04D-2B187B9A532B}
		{7A5332AE-F0F4-4BEA-916F-25525899390A} = {42EAB35A-2318-4FFA-B04D-2B187B9A532B}
		{7E06E202-4271-41BE-90E7-985872EECBE3} = {42EAB35A-2318-4FFA-B04D-2B187B9A532B}
		{95F4E5CA-974C-4701-AB85-833A685BEF21} = {42EAB35A-2318-4FFA-B04D-2B187B9A532B}
		{19C1CE7F-36F3-4CA7-8EFA-C5BB734EAFFB} = {42EAB35A-2318-4FFA-B04D-2B187B9A532B}
		{0AECAC72-6411-4600-947B-BE879453D06A} = {4C9C55D5-90E1-47F9-8DF1-CF9A9CC3E608}
		{DFA7FD35-413D-4817-AA0F-879F24DAFCED} = {4C9C55D5-90E1-47F9-8DF1-CF9A9CC3E608}
		{CE7FEA1B-22B4-4802-9D37-5941BB96B571} = {4C9C55D5-90E1-47F9-8DF1-CF9A9CC3E608}
		{F43F9F4E-DFC5-44D8-B55D-55A7E1868338} = {4C9C55D5-90E1-47F9-8DF1-CF9A9CC3E608}
		{C9AC224A-3496-4F32-AD03-ADA0D8C16F28} = {4C9C55D5-90E1-47F9-8DF1-CF9A9CC3E608}
		{7600A347-0052-4260-A0D3-171ACB1C3A5B} = {4C9C55D5-90E1-47F9-8DF1-CF9A9CC3E608}
		{13E14D4C-FDB2-4E50-9E1A-9D7C58C5749A} = {4C9C55D5-90E1-47F9-8DF1-CF9A9CC3E608}
		{2D4DAEDF-02DD-490B-B53C-7858E4850836} = {7129B15E-03D3-463F-9849-A4013DBD7944}
		{AA21046B-C396-48D5-A2BA-78F34F59981C} = {7129B15E-03D3-463F-9849-A4013DBD7944}
		{9AC4A9B9-7A05-436D-9051-9BE00867F1A2} = {7129B15E-03D3-463F-9849-A4013DBD7944}
		{FFFAF340-BDCF-4AC1-8AEE-CA9C3041FBC1} = {7129B15E-03D3-463F-9849-A4013DBD7944}
		{AA676AD7-E5C4-45A3-8C39-BBDF59067B08} = {7129B15E-03D3-463F-9849-A4013DBD7944}
		{408DBD15-2197-4CAD-BF62-27B7F07FB838} = {7129B15E-03D3-463F-9849-A4013DBD7944}
		{16A08B2B-7380-4CAC-AFBA-42BEFE42A480} = {7129B15E-03D3-463F-9849-A4013DBD7944}
		{9C92DD8E-1653-499E-9806-F39AC61D209B} = {7129B15E-03D3-463F-9849-A4013DBD7944}
		{022E30FA-A830-42B7-904C-CA9DC7846196} = {7129B15E-03D3-463F-9849-A4013DBD7944}
	EndGlobalSection
EndGlobal
